
Microsoft Visual Studio Solution File, Format Version 12.00
# Visual Studio Version 17
VisualStudioVersion = 17.6.33829.357
MinimumVisualStudioVersion = 10.0.40219.1
Project("{FAE04EC0-301F-11D3-BF4B-00C04F79EFBC}") = "EncuestasAPI2", "EncuestasAPI2\EncuestasAPI2.csproj", "{98D5CF54-A28B-45E3-9E8B-7177D3AD1BA9}"
EndProject
Global
	GlobalSection(SolutionConfigurationPlatforms) = preSolution
		Debug|Any CPU = Debug|Any CPU
		Release|Any CPU = Release|Any CPU
	EndGlobalSection
	GlobalSection(ProjectConfigurationPlatforms) = postSolution
		{98D5CF54-A28B-45E3-9E8B-7177D3AD1BA9}.Debug|Any CPU.ActiveCfg = Debug|Any CPU
		{98D5CF54-A28B-45E3-9E8B-7177D3AD1BA9}.Debug|Any CPU.Build.0 = Debug|Any CPU
		{98D5CF54-A28B-45E3-9E8B-7177D3AD1BA9}.Release|Any CPU.ActiveCfg = Release|Any CPU
		{98D5CF54-A28B-45E3-9E8B-7177D3AD1BA9}.Release|Any CPU.Build.0 = Release|Any CPU
	EndGlobalSection
	GlobalSection(SolutionProperties) = preSolution
		HideSolutionNode = FALSE
	EndGlobalSection
	GlobalSection(ExtensibilityGlobals) = postSolution
		SolutionGuid = {F88D9E10-483C-4B9B-B7BC-3DDA886EBB9F}
	EndGlobalSection
EndGlobal
